// !$*UTF8*$!
{
	archiveVersion = 1;
	classes = {
	};
	objectVersion = 46;
	objects = {

/* Begin PBXBuildFile section */
		025FBB241350F2DF002717DD /* UIColor+HoughExtensions.m in Sources */ = {isa = PBXBuildFile; fileRef = 025FBB231350F2DF002717DD /* UIColor+HoughExtensions.m */; };
		028778CF13574A31009D30F2 /* libobjc.A.dylib in Frameworks */ = {isa = PBXBuildFile; fileRef = 028778CE13574A31009D30F2 /* libobjc.A.dylib */; };
		1D3623260D0F684500981E51 /* HoughDemoAppDelegate.m in Sources */ = {isa = PBXBuildFile; fileRef = 1D3623250D0F684500981E51 /* HoughDemoAppDelegate.m */; };
		1D60589B0D05DD56006BFB54 /* main.m in Sources */ = {isa = PBXBuildFile; fileRef = 29B97316FDCFA39411CA2CEA /* main.m */; };
		1D60589F0D05DD5A006BFB54 /* Foundation.framework in Frameworks */ = {isa = PBXBuildFile; fileRef = 1D30AB110D05D00D00671497 /* Foundation.framework */; };
		1DF5F4E00D08C38300B7A737 /* UIKit.framework in Frameworks */ = {isa = PBXBuildFile; fileRef = 1DF5F4DF0D08C38300B7A737 /* UIKit.framework */; };
		288765A50DF7441C002DB57D /* CoreGraphics.framework in Frameworks */ = {isa = PBXBuildFile; fileRef = 288765A40DF7441C002DB57D /* CoreGraphics.framework */; };
		2899E5220DE3E06400AC0155 /* HoughDemoViewController.xib in Resources */ = {isa = PBXBuildFile; fileRef = 2899E5210DE3E06400AC0155 /* HoughDemoViewController.xib */; };
		28AD733F0D9D9553002E5188 /* MainWindow.xib in Resources */ = {isa = PBXBuildFile; fileRef = 28AD733E0D9D9553002E5188 /* MainWindow.xib */; };
		831BFCC0132C445E00019FBD /* HoughTouchView.m in Sources */ = {isa = PBXBuildFile; fileRef = 831BFCBF132C445E00019FBD /* HoughTouchView.m */; };
		832F00AF13D25DF600CE9498 /* HoughBaseViewController.m in Sources */ = {isa = PBXBuildFile; fileRef = 832F00AE13D25DF600CE9498 /* HoughBaseViewController.m */; };
		833AE29813495BDE00DFC76D /* Icon-72.png in Resources */ = {isa = PBXBuildFile; fileRef = 833AE29413495BDE00DFC76D /* Icon-72.png */; };
		833AE29B13495BDE00DFC76D /* iTunesArtwork in Resources */ = {isa = PBXBuildFile; fileRef = 833AE29713495BDE00DFC76D /* iTunesArtwork */; };
		83492F1A1347DE0E002BD8BF /* CircleOverlayDelegate.m in Sources */ = {isa = PBXBuildFile; fileRef = 83492F191347DE0D002BD8BF /* CircleOverlayDelegate.m */; };
		83492F1F1347E080002BD8BF /* CGGeometry+HoughExtensions.c in Sources */ = {isa = PBXBuildFile; fileRef = 83492F1D1347E080002BD8BF /* CGGeometry+HoughExtensions.c */; };
		8353D8431370F701008B125C /* HoughFreeHandViewController.m in Sources */ = {isa = PBXBuildFile; fileRef = 8353D8421370F701008B125C /* HoughFreeHandViewController.m */; };
		835962C613CD535000BC128A /* tile_50px.png in Resources */ = {isa = PBXBuildFile; fileRef = 835962C513CD535000BC128A /* tile_50px.png */; };
		836DE7131370F2AA0010D82A /* test.jpg in Resources */ = {isa = PBXBuildFile; fileRef = 836DE7121370F2AA0010D82A /* test.jpg */; };
		837A9CBA13A44F7E00B4CE95 /* Bucket2D.m in Sources */ = {isa = PBXBuildFile; fileRef = 837A9CB913A44F7D00B4CE95 /* Bucket2D.m */; };
		839C9DC31373BA690074A39C /* HoughImageViewController.m in Sources */ = {isa = PBXBuildFile; fileRef = 839C9DC21373BA690074A39C /* HoughImageViewController.m */; };
		839C9DC71373BC770074A39C /* hand.jpg in Resources */ = {isa = PBXBuildFile; fileRef = 839C9DC61373BC770074A39C /* hand.jpg */; };
		83CBB19F131997300092FE93 /* HoughInputView.m in Sources */ = {isa = PBXBuildFile; fileRef = 83CBB19E131997300092FE93 /* HoughInputView.m */; };
		83CBB2261319B9160092FE93 /* Hough.m in Sources */ = {isa = PBXBuildFile; fileRef = 83CBB2251319B9160092FE93 /* Hough.m */; };
		83CBB22C1319BC160092FE93 /* Accelerate.framework in Frameworks */ = {isa = PBXBuildFile; fileRef = 83CBB22B1319BC160092FE93 /* Accelerate.framework */; };
		83D2BF24134D5226008F32ED /* gear.png in Resources */ = {isa = PBXBuildFile; fileRef = 83D2BF23134D5226008F32ED /* gear.png */; };
		83D2BF27134D7EBB008F32ED /* Icon-Small-50.png in Resources */ = {isa = PBXBuildFile; fileRef = 83D2BF25134D7EBB008F32ED /* Icon-Small-50.png */; };
		83D2BF28134D7EBB008F32ED /* Icon-Small.png in Resources */ = {isa = PBXBuildFile; fileRef = 83D2BF26134D7EBB008F32ED /* Icon-Small.png */; };
		83E4BCB21347B48D00BFF07D /* HoughLineOverlayDelegate.m in Sources */ = {isa = PBXBuildFile; fileRef = 83E4BCB11347B48D00BFF07D /* HoughLineOverlayDelegate.m */; };
		83E4BCB41347C11700BFF07D /* QuartzCore.framework in Frameworks */ = {isa = PBXBuildFile; fileRef = 83E4BCB31347C11700BFF07D /* QuartzCore.framework */; };
		83FD84141389FB20000D4F48 /* LoadingView.m in Sources */ = {isa = PBXBuildFile; fileRef = 83FD84131389FB20000D4F48 /* LoadingView.m */; };
/* End PBXBuildFile section */

/* Begin PBXFileReference section */
		025FBB221350F2DF002717DD /* UIColor+HoughExtensions.h */ = {isa = PBXFileReference; fileEncoding = 4; lastKnownFileType = sourcecode.c.h; path = "UIColor+HoughExtensions.h"; sourceTree = "<group>"; };
		025FBB231350F2DF002717DD /* UIColor+HoughExtensions.m */ = {isa = PBXFileReference; fileEncoding = 4; lastKnownFileType = sourcecode.c.objc; path = "UIColor+HoughExtensions.m"; sourceTree = "<group>"; };
		028778CE13574A31009D30F2 /* libobjc.A.dylib */ = {isa = PBXFileReference; lastKnownFileType = "compiled.mach-o.dylib"; name = libobjc.A.dylib; path = usr/lib/libobjc.A.dylib; sourceTree = SDKROOT; };
		1D30AB110D05D00D00671497 /* Foundation.framework */ = {isa = PBXFileReference; lastKnownFileType = wrapper.framework; name = Foundation.framework; path = System/Library/Frameworks/Foundation.framework; sourceTree = SDKROOT; };
		1D3623240D0F684500981E51 /* HoughDemoAppDelegate.h */ = {isa = PBXFileReference; fileEncoding = 4; lastKnownFileType = sourcecode.c.h; path = HoughDemoAppDelegate.h; sourceTree = "<group>"; };
		1D3623250D0F684500981E51 /* HoughDemoAppDelegate.m */ = {isa = PBXFileReference; fileEncoding = 4; lastKnownFileType = sourcecode.c.objc; path = HoughDemoAppDelegate.m; sourceTree = "<group>"; };
		1D6058910D05DD3D006BFB54 /* HoughStuff.app */ = {isa = PBXFileReference; explicitFileType = wrapper.application; includeInIndex = 0; path = HoughStuff.app; sourceTree = BUILT_PRODUCTS_DIR; };
		1DF5F4DF0D08C38300B7A737 /* UIKit.framework */ = {isa = PBXFileReference; lastKnownFileType = wrapper.framework; name = UIKit.framework; path = System/Library/Frameworks/UIKit.framework; sourceTree = SDKROOT; };
		288765A40DF7441C002DB57D /* CoreGraphics.framework */ = {isa = PBXFileReference; lastKnownFileType = wrapper.framework; name = CoreGraphics.framework; path = System/Library/Frameworks/CoreGraphics.framework; sourceTree = SDKROOT; };
		2899E5210DE3E06400AC0155 /* HoughDemoViewController.xib */ = {isa = PBXFileReference; lastKnownFileType = file.xib; path = HoughDemoViewController.xib; sourceTree = "<group>"; };
		28AD733E0D9D9553002E5188 /* MainWindow.xib */ = {isa = PBXFileReference; lastKnownFileType = file.xib; path = MainWindow.xib; sourceTree = "<group>"; };
		29B97316FDCFA39411CA2CEA /* main.m */ = {isa = PBXFileReference; fileEncoding = 4; lastKnownFileType = sourcecode.c.objc; path = main.m; sourceTree = "<group>"; };
		32CA4F630368D1EE00C91783 /* HoughDemo_Prefix.pch */ = {isa = PBXFileReference; fileEncoding = 4; lastKnownFileType = sourcecode.c.h; path = HoughDemo_Prefix.pch; sourceTree = "<group>"; };
		831BFCBE132C445E00019FBD /* HoughTouchView.h */ = {isa = PBXFileReference; fileEncoding = 4; lastKnownFileType = sourcecode.c.h; path = HoughTouchView.h; sourceTree = "<group>"; };
		831BFCBF132C445E00019FBD /* HoughTouchView.m */ = {isa = PBXFileReference; fileEncoding = 4; lastKnownFileType = sourcecode.c.objc; path = HoughTouchView.m; sourceTree = "<group>"; };
		832F00AD13D25DF600CE9498 /* HoughBaseViewController.h */ = {isa = PBXFileReference; fileEncoding = 4; lastKnownFileType = sourcecode.c.h; path = HoughBaseViewController.h; sourceTree = "<group>"; };
		832F00AE13D25DF600CE9498 /* HoughBaseViewController.m */ = {isa = PBXFileReference; fileEncoding = 4; lastKnownFileType = sourcecode.c.objc; path = HoughBaseViewController.m; sourceTree = "<group>"; };
		833AE29413495BDE00DFC76D /* Icon-72.png */ = {isa = PBXFileReference; lastKnownFileType = image.png; path = "Icon-72.png"; sourceTree = "<group>"; };
		833AE29713495BDE00DFC76D /* iTunesArtwork */ = {isa = PBXFileReference; lastKnownFileType = file; path = iTunesArtwork; sourceTree = "<group>"; };
		83492F181347DE0D002BD8BF /* CircleOverlayDelegate.h */ = {isa = PBXFileReference; fileEncoding = 4; lastKnownFileType = sourcecode.c.h; path = CircleOverlayDelegate.h; sourceTree = "<group>"; };
		83492F191347DE0D002BD8BF /* CircleOverlayDelegate.m */ = {isa = PBXFileReference; fileEncoding = 4; lastKnownFileType = sourcecode.c.objc; path = CircleOverlayDelegate.m; sourceTree = "<group>"; };
		83492F1D1347E080002BD8BF /* CGGeometry+HoughExtensions.c */ = {isa = PBXFileReference; fileEncoding = 4; lastKnownFileType = sourcecode.c.c; path = "CGGeometry+HoughExtensions.c"; sourceTree = "<group>"; };
		83492F1E1347E080002BD8BF /* CGGeometry+HoughExtensions.h */ = {isa = PBXFileReference; fileEncoding = 4; lastKnownFileType = sourcecode.c.h; path = "CGGeometry+HoughExtensions.h"; sourceTree = "<group>"; };
		8353D8411370F701008B125C /* HoughFreeHandViewController.h */ = {isa = PBXFileReference; fileEncoding = 4; lastKnownFileType = sourcecode.c.h; path = HoughFreeHandViewController.h; sourceTree = "<group>"; };
		8353D8421370F701008B125C /* HoughFreeHandViewController.m */ = {isa = PBXFileReference; fileEncoding = 4; lastKnownFileType = sourcecode.c.objc; path = HoughFreeHandViewController.m; sourceTree = "<group>"; };
		835962C513CD535000BC128A /* tile_50px.png */ = {isa = PBXFileReference; lastKnownFileType = image.png; name = tile_50px.png; path = assets/tile_50px.png; sourceTree = "<group>"; };
		836DE7121370F2AA0010D82A /* test.jpg */ = {isa = PBXFileReference; lastKnownFileType = image.jpeg; path = test.jpg; sourceTree = "<group>"; };
		837A9CB813A44F7D00B4CE95 /* Bucket2D.h */ = {isa = PBXFileReference; fileEncoding = 4; lastKnownFileType = sourcecode.c.h; path = Bucket2D.h; sourceTree = "<group>"; };
		837A9CB913A44F7D00B4CE95 /* Bucket2D.m */ = {isa = PBXFileReference; fileEncoding = 4; lastKnownFileType = sourcecode.c.objc; path = Bucket2D.m; sourceTree = "<group>"; };
		839C9DC11373BA680074A39C /* HoughImageViewController.h */ = {isa = PBXFileReference; fileEncoding = 4; lastKnownFileType = sourcecode.c.h; path = HoughImageViewController.h; sourceTree = "<group>"; };
		839C9DC21373BA690074A39C /* HoughImageViewController.m */ = {isa = PBXFileReference; fileEncoding = 4; lastKnownFileType = sourcecode.c.objc; path = HoughImageViewController.m; sourceTree = "<group>"; };
		839C9DC61373BC770074A39C /* hand.jpg */ = {isa = PBXFileReference; lastKnownFileType = image.jpeg; path = hand.jpg; sourceTree = "<group>"; };
		83CBB19D131997300092FE93 /* HoughInputView.h */ = {isa = PBXFileReference; fileEncoding = 4; lastKnownFileType = sourcecode.c.h; path = HoughInputView.h; sourceTree = "<group>"; };
		83CBB19E131997300092FE93 /* HoughInputView.m */ = {isa = PBXFileReference; fileEncoding = 4; lastKnownFileType = sourcecode.c.objc; path = HoughInputView.m; sourceTree = "<group>"; };
		83CBB2241319B9160092FE93 /* Hough.h */ = {isa = PBXFileReference; fileEncoding = 4; lastKnownFileType = sourcecode.c.h; path = Hough.h; sourceTree = "<group>"; };
		83CBB2251319B9160092FE93 /* Hough.m */ = {isa = PBXFileReference; fileEncoding = 4; lastKnownFileType = sourcecode.c.objc; path = Hough.m; sourceTree = "<group>"; };
		83CBB22B1319BC160092FE93 /* Accelerate.framework */ = {isa = PBXFileReference; lastKnownFileType = wrapper.framework; name = Accelerate.framework; path = System/Library/Frameworks/Accelerate.framework; sourceTree = SDKROOT; };
		83D2BF23134D5226008F32ED /* gear.png */ = {isa = PBXFileReference; lastKnownFileType = image.png; path = gear.png; sourceTree = "<group>"; };
		83D2BF25134D7EBB008F32ED /* Icon-Small-50.png */ = {isa = PBXFileReference; lastKnownFileType = image.png; path = "Icon-Small-50.png"; sourceTree = "<group>"; };
		83D2BF26134D7EBB008F32ED /* Icon-Small.png */ = {isa = PBXFileReference; lastKnownFileType = image.png; path = "Icon-Small.png"; sourceTree = "<group>"; };
		83E4BCB01347B48D00BFF07D /* HoughLineOverlayDelegate.h */ = {isa = PBXFileReference; fileEncoding = 4; lastKnownFileType = sourcecode.c.h; path = HoughLineOverlayDelegate.h; sourceTree = "<group>"; };
		83E4BCB11347B48D00BFF07D /* HoughLineOverlayDelegate.m */ = {isa = PBXFileReference; fileEncoding = 4; lastKnownFileType = sourcecode.c.objc; path = HoughLineOverlayDelegate.m; sourceTree = "<group>"; };
		83E4BCB31347C11700BFF07D /* QuartzCore.framework */ = {isa = PBXFileReference; lastKnownFileType = wrapper.framework; name = QuartzCore.framework; path = System/Library/Frameworks/QuartzCore.framework; sourceTree = SDKROOT; };
		83FD84121389FB20000D4F48 /* LoadingView.h */ = {isa = PBXFileReference; fileEncoding = 4; lastKnownFileType = sourcecode.c.h; path = LoadingView.h; sourceTree = "<group>"; };
		83FD84131389FB20000D4F48 /* LoadingView.m */ = {isa = PBXFileReference; fileEncoding = 4; lastKnownFileType = sourcecode.c.objc; path = LoadingView.m; sourceTree = "<group>"; };
		8D1107310486CEB800E47090 /* HoughDemo-Info.plist */ = {isa = PBXFileReference; fileEncoding = 4; lastKnownFileType = text.plist.xml; path = "HoughDemo-Info.plist"; plistStructureDefinitionIdentifier = "com.apple.xcode.plist.structure-definition.iphone.info-plist"; sourceTree = "<group>"; };
/* End PBXFileReference section */

/* Begin PBXFrameworksBuildPhase section */
		1D60588F0D05DD3D006BFB54 /* Frameworks */ = {
			isa = PBXFrameworksBuildPhase;
			buildActionMask = 2147483647;
			files = (
				028778CF13574A31009D30F2 /* libobjc.A.dylib in Frameworks */,
				83E4BCB41347C11700BFF07D /* QuartzCore.framework in Frameworks */,
				1D60589F0D05DD5A006BFB54 /* Foundation.framework in Frameworks */,
				1DF5F4E00D08C38300B7A737 /* UIKit.framework in Frameworks */,
				288765A50DF7441C002DB57D /* CoreGraphics.framework in Frameworks */,
				83CBB22C1319BC160092FE93 /* Accelerate.framework in Frameworks */,
			);
			runOnlyForDeploymentPostprocessing = 0;
		};
/* End PBXFrameworksBuildPhase section */

/* Begin PBXGroup section */
		080E96DDFE201D6D7F000001 /* Classes */ = {
			isa = PBXGroup;
			children = (
				837A9CBB13A4570800B4CE95 /* Algorithms */,
				839C9DC51373BA9B0074A39C /* Views */,
				839C9DC41373BA770074A39C /* View Controllers */,
				836DE7111370F0300010D82A /* Extensions */,
				83492F1C1347DE2E002BD8BF /* Layer delegates */,
				1D3623240D0F684500981E51 /* HoughDemoAppDelegate.h */,
				1D3623250D0F684500981E51 /* HoughDemoAppDelegate.m */,
			);
			path = Classes;
			sourceTree = "<group>";
		};
		19C28FACFE9D520D11CA2CBB /* Products */ = {
			isa = PBXGroup;
			children = (
				1D6058910D05DD3D006BFB54 /* HoughStuff.app */,
			);
			name = Products;
			sourceTree = "<group>";
		};
		29B97314FDCFA39411CA2CEA /* CustomTemplate */ = {
			isa = PBXGroup;
			children = (
				080E96DDFE201D6D7F000001 /* Classes */,
				29B97315FDCFA39411CA2CEA /* Other Sources */,
				29B97317FDCFA39411CA2CEA /* Resources */,
				29B97323FDCFA39411CA2CEA /* Frameworks */,
				19C28FACFE9D520D11CA2CBB /* Products */,
			);
			name = CustomTemplate;
			sourceTree = "<group>";
		};
		29B97315FDCFA39411CA2CEA /* Other Sources */ = {
			isa = PBXGroup;
			children = (
				32CA4F630368D1EE00C91783 /* HoughDemo_Prefix.pch */,
				29B97316FDCFA39411CA2CEA /* main.m */,
			);
			name = "Other Sources";
			sourceTree = "<group>";
		};
		29B97317FDCFA39411CA2CEA /* Resources */ = {
			isa = PBXGroup;
			children = (
				835962C513CD535000BC128A /* tile_50px.png */,
				839C9DC61373BC770074A39C /* hand.jpg */,
				836DE7121370F2AA0010D82A /* test.jpg */,
				83D2BF23134D5226008F32ED /* gear.png */,
				833AE29413495BDE00DFC76D /* Icon-72.png */,
				83D2BF25134D7EBB008F32ED /* Icon-Small-50.png */,
				83D2BF26134D7EBB008F32ED /* Icon-Small.png */,
				833AE29713495BDE00DFC76D /* iTunesArtwork */,
				2899E5210DE3E06400AC0155 /* HoughDemoViewController.xib */,
				28AD733E0D9D9553002E5188 /* MainWindow.xib */,
				8D1107310486CEB800E47090 /* HoughDemo-Info.plist */,
			);
			name = Resources;
			sourceTree = "<group>";
		};
		29B97323FDCFA39411CA2CEA /* Frameworks */ = {
			isa = PBXGroup;
			children = (
				028778CE13574A31009D30F2 /* libobjc.A.dylib */,
				83E4BCB31347C11700BFF07D /* QuartzCore.framework */,
				83CBB22B1319BC160092FE93 /* Accelerate.framework */,
				1DF5F4DF0D08C38300B7A737 /* UIKit.framework */,
				1D30AB110D05D00D00671497 /* Foundation.framework */,
				288765A40DF7441C002DB57D /* CoreGraphics.framework */,
			);
			name = Frameworks;
			sourceTree = "<group>";
		};
		83492F1C1347DE2E002BD8BF /* Layer delegates */ = {
			isa = PBXGroup;
			children = (
				83E4BCB01347B48D00BFF07D /* HoughLineOverlayDelegate.h */,
				83E4BCB11347B48D00BFF07D /* HoughLineOverlayDelegate.m */,
				83492F181347DE0D002BD8BF /* CircleOverlayDelegate.h */,
				83492F191347DE0D002BD8BF /* CircleOverlayDelegate.m */,
			);
			name = "Layer delegates";
			sourceTree = "<group>";
		};
		836DE7111370F0300010D82A /* Extensions */ = {
			isa = PBXGroup;
			children = (
				83492F1D1347E080002BD8BF /* CGGeometry+HoughExtensions.c */,
				83492F1E1347E080002BD8BF /* CGGeometry+HoughExtensions.h */,
				025FBB221350F2DF002717DD /* UIColor+HoughExtensions.h */,
				025FBB231350F2DF002717DD /* UIColor+HoughExtensions.m */,
			);
			name = Extensions;
			sourceTree = "<group>";
		};
		837A9CBB13A4570800B4CE95 /* Algorithms */ = {
			isa = PBXGroup;
			children = (
				83CBB2241319B9160092FE93 /* Hough.h */,
				83CBB2251319B9160092FE93 /* Hough.m */,
				837A9CB813A44F7D00B4CE95 /* Bucket2D.h */,
				837A9CB913A44F7D00B4CE95 /* Bucket2D.m */,
			);
			name = Algorithms;
			sourceTree = "<group>";
		};
		839C9DC41373BA770074A39C /* View Controllers */ = {
			isa = PBXGroup;
			children = (
				832F00AD13D25DF600CE9498 /* HoughBaseViewController.h */,
				832F00AE13D25DF600CE9498 /* HoughBaseViewController.m */,
				839C9DC11373BA680074A39C /* HoughImageViewController.h */,
				839C9DC21373BA690074A39C /* HoughImageViewController.m */,
				8353D8411370F701008B125C /* HoughFreeHandViewController.h */,
				8353D8421370F701008B125C /* HoughFreeHandViewController.m */,
			);
			name = "View Controllers";
			sourceTree = "<group>";
		};
		839C9DC51373BA9B0074A39C /* Views */ = {
			isa = PBXGroup;
			children = (
				83CBB19D131997300092FE93 /* HoughInputView.h */,
				83CBB19E131997300092FE93 /* HoughInputView.m */,
				831BFCBE132C445E00019FBD /* HoughTouchView.h */,
				831BFCBF132C445E00019FBD /* HoughTouchView.m */,
				83FD84121389FB20000D4F48 /* LoadingView.h */,
				83FD84131389FB20000D4F48 /* LoadingView.m */,
			);
			name = Views;
			sourceTree = "<group>";
		};
/* End PBXGroup section */

/* Begin PBXNativeTarget section */
		1D6058900D05DD3D006BFB54 /* HoughStuff */ = {
			isa = PBXNativeTarget;
			buildConfigurationList = 1D6058960D05DD3E006BFB54 /* Build configuration list for PBXNativeTarget "HoughStuff" */;
			buildPhases = (
				1D60588D0D05DD3D006BFB54 /* Resources */,
				1D60588E0D05DD3D006BFB54 /* Sources */,
				1D60588F0D05DD3D006BFB54 /* Frameworks */,
			);
			buildRules = (
			);
			dependencies = (
			);
			name = HoughStuff;
			productName = HoughDemo;
			productReference = 1D6058910D05DD3D006BFB54 /* HoughStuff.app */;
			productType = "com.apple.product-type.application";
		};
/* End PBXNativeTarget section */

/* Begin PBXProject section */
		29B97313FDCFA39411CA2CEA /* Project object */ = {
			isa = PBXProject;
			attributes = {
				LastUpgradeCheck = 0420;
				ORGANIZATIONNAME = "Joakim Fernstad";
			};
			buildConfigurationList = C01FCF4E08A954540054247B /* Build configuration list for PBXProject "HoughDemo" */;
			compatibilityVersion = "Xcode 3.2";
			developmentRegion = English;
			hasScannedForEncodings = 1;
			knownRegions = (
				English,
				Japanese,
				French,
				German,
			);
			mainGroup = 29B97314FDCFA39411CA2CEA /* CustomTemplate */;
			projectDirPath = "";
			projectRoot = "";
			targets = (
				1D6058900D05DD3D006BFB54 /* HoughStuff */,
			);
		};
/* End PBXProject section */

/* Begin PBXResourcesBuildPhase section */
		1D60588D0D05DD3D006BFB54 /* Resources */ = {
			isa = PBXResourcesBuildPhase;
			buildActionMask = 2147483647;
			files = (
				28AD733F0D9D9553002E5188 /* MainWindow.xib in Resources */,
				2899E5220DE3E06400AC0155 /* HoughDemoViewController.xib in Resources */,
				833AE29813495BDE00DFC76D /* Icon-72.png in Resources */,
				833AE29B13495BDE00DFC76D /* iTunesArtwork in Resources */,
				83D2BF24134D5226008F32ED /* gear.png in Resources */,
				83D2BF27134D7EBB008F32ED /* Icon-Small-50.png in Resources */,
				83D2BF28134D7EBB008F32ED /* Icon-Small.png in Resources */,
				836DE7131370F2AA0010D82A /* test.jpg in Resources */,
				839C9DC71373BC770074A39C /* hand.jpg in Resources */,
				835962C613CD535000BC128A /* tile_50px.png in Resources */,
			);
			runOnlyForDeploymentPostprocessing = 0;
		};
/* End PBXResourcesBuildPhase section */

/* Begin PBXSourcesBuildPhase section */
		1D60588E0D05DD3D006BFB54 /* Sources */ = {
			isa = PBXSourcesBuildPhase;
			buildActionMask = 2147483647;
			files = (
				1D60589B0D05DD56006BFB54 /* main.m in Sources */,
				1D3623260D0F684500981E51 /* HoughDemoAppDelegate.m in Sources */,
				83CBB19F131997300092FE93 /* HoughInputView.m in Sources */,
				83CBB2261319B9160092FE93 /* Hough.m in Sources */,
				831BFCC0132C445E00019FBD /* HoughTouchView.m in Sources */,
				83E4BCB21347B48D00BFF07D /* HoughLineOverlayDelegate.m in Sources */,
				83492F1A1347DE0E002BD8BF /* CircleOverlayDelegate.m in Sources */,
				83492F1F1347E080002BD8BF /* CGGeometry+HoughExtensions.c in Sources */,
				025FBB241350F2DF002717DD /* UIColor+HoughExtensions.m in Sources */,
				8353D8431370F701008B125C /* HoughFreeHandViewController.m in Sources */,
				839C9DC31373BA690074A39C /* HoughImageViewController.m in Sources */,
				83FD84141389FB20000D4F48 /* LoadingView.m in Sources */,
				837A9CBA13A44F7E00B4CE95 /* Bucket2D.m in Sources */,
				832F00AF13D25DF600CE9498 /* HoughBaseViewController.m in Sources */,
			);
			runOnlyForDeploymentPostprocessing = 0;
		};
/* End PBXSourcesBuildPhase section */

/* Begin XCBuildConfiguration section */
		1D6058940D05DD3E006BFB54 /* Debug */ = {
			isa = XCBuildConfiguration;
			buildSettings = {
				ALWAYS_SEARCH_USER_PATHS = NO;
				COPY_PHASE_STRIP = NO;
				GCC_DYNAMIC_NO_PIC = NO;
				GCC_OPTIMIZATION_LEVEL = 0;
				GCC_PRECOMPILE_PREFIX_HEADER = YES;
				GCC_PREFIX_HEADER = HoughDemo_Prefix.pch;
				INFOPLIST_FILE = "HoughDemo-Info.plist";
				IPHONEOS_DEPLOYMENT_TARGET = 4.0;
				PRODUCT_NAME = HoughStuff;
			};
			name = Debug;
		};
		1D6058950D05DD3E006BFB54 /* Release */ = {
			isa = XCBuildConfiguration;
			buildSettings = {
				ALWAYS_SEARCH_USER_PATHS = NO;
				COPY_PHASE_STRIP = YES;
				GCC_PRECOMPILE_PREFIX_HEADER = YES;
				GCC_PREFIX_HEADER = HoughDemo_Prefix.pch;
				INFOPLIST_FILE = "HoughDemo-Info.plist";
				IPHONEOS_DEPLOYMENT_TARGET = 4.0;
				PRODUCT_NAME = HoughStuff;
				VALIDATE_PRODUCT = YES;
			};
			name = Release;
		};
		8341D08E139DC3C400336194 /* AdHoc */ = {
			isa = XCBuildConfiguration;
			buildSettings = {
				ARCHS = "$(ARCHS_UNIVERSAL_IPHONE_OS)";
				CODE_SIGN_IDENTITY = "iPhone Distribution";
				"CODE_SIGN_IDENTITY[sdk=iphoneos*]" = "iPhone Developer";
				GCC_C_LANGUAGE_STANDARD = c99;
				GCC_PREPROCESSOR_DEFINITIONS = "";
				GCC_WARN_ABOUT_MISSING_PROTOTYPES = YES;
				GCC_WARN_ABOUT_RETURN_TYPE = YES;
				GCC_WARN_UNUSED_VARIABLE = YES;
				IPHONEOS_DEPLOYMENT_TARGET = 4.0;
				OTHER_CFLAGS = "-DNS_BLOCK_ASSERTIONS=1";
				PROVISIONING_PROFILE = "";
				"PROVISIONING_PROFILE[sdk=iphoneos*]" = "";
				SDKROOT = iphoneos;
				TARGETED_DEVICE_FAMILY = 2;
			};
			name = AdHoc;
		};
		8341D08F139DC3C400336194 /* AdHoc */ = {
			isa = XCBuildConfiguration;
			buildSettings = {
				ALWAYS_SEARCH_USER_PATHS = NO;
				COPY_PHASE_STRIP = YES;
				GCC_PRECOMPILE_PREFIX_HEADER = YES;
				GCC_PREFIX_HEADER = HoughDemo_Prefix.pch;
				GCC_PREPROCESSOR_DEFINITIONS = "";
				INFOPLIST_FILE = "HoughDemo-Info.plist";
				IPHONEOS_DEPLOYMENT_TARGET = 4.0;
				PRODUCT_NAME = AdHoughStuff;
				VALIDATE_PRODUCT = YES;
			};
			name = AdHoc;
		};
		C01FCF4F08A954540054247B /* Debug */ = {
			isa = XCBuildConfiguration;
			buildSettings = {
				ARCHS = "$(ARCHS_UNIVERSAL_IPHONE_OS)";
				"CODE_SIGN_IDENTITY[sdk=iphoneos*]" = "iPhone Developer";
				GCC_C_LANGUAGE_STANDARD = c99;
				GCC_WARN_ABOUT_MISSING_PROTOTYPES = YES;
				GCC_WARN_ABOUT_RETURN_TYPE = YES;
				GCC_WARN_UNUSED_VARIABLE = YES;
				IPHONEOS_DEPLOYMENT_TARGET = 4.0;
				SDKROOT = iphoneos;
				TARGETED_DEVICE_FAMILY = 2;
			};
			name = Debug;
		};
		C01FCF5008A954540054247B /* Release */ = {
			isa = XCBuildConfiguration;
			buildSettings = {
				ARCHS = "$(ARCHS_UNIVERSAL_IPHONE_OS)";
				"CODE_SIGN_IDENTITY[sdk=iphoneos*]" = "iPhone Developer";
				GCC_C_LANGUAGE_STANDARD = c99;
				GCC_WARN_ABOUT_MISSING_PROTOTYPES = YES;
				GCC_WARN_ABOUT_RETURN_TYPE = YES;
				GCC_WARN_UNUSED_VARIABLE = YES;
				IPHONEOS_DEPLOYMENT_TARGET = 4.0;
				OTHER_CFLAGS = "-DNS_BLOCK_ASSERTIONS=1";
				SDKROOT = iphoneos;
				TARGETED_DEVICE_FAMILY = 2;
			};
			name = Release;
		};
/* End XCBuildConfiguration section */

/* Begin XCConfigurationList section */
		1D6058960D05DD3E006BFB54 /* Build configuration list for PBXNativeTarget "HoughStuff" */ = {
			isa = XCConfigurationList;
			buildConfigurations = (
				1D6058940D05DD3E006BFB54 /* Debug */,
				1D6058950D05DD3E006BFB54 /* Release */,
				8341D08F139DC3C400336194 /* AdHoc */,
			);
			defaultConfigurationIsVisible = 0;
			defaultConfigurationName = Release;
		};
		C01FCF4E08A954540054247B /* Build configuration list for PBXProject "HoughDemo" */ = {
			isa = XCConfigurationList;
			buildConfigurations = (
				C01FCF4F08A954540054247B /* Debug */,
				C01FCF5008A954540054247B /* Release */,
				8341D08E139DC3C400336194 /* AdHoc */,
			);
			defaultConfigurationIsVisible = 0;
			defaultConfigurationName = Release;
		};
/* End XCConfigurationList section */
	};
	rootObject = 29B97313FDCFA39411CA2CEA /* Project object */;
}
